
Microsoft Visual Studio Solution File, Format Version 12.00
# Visual Studio Version 17
VisualStudioVersion = 17.4.33213.308
MinimumVisualStudioVersion = 10.0.40219.1
Project("{FAE04EC0-301F-11D3-BF4B-00C04F79EFBC}") = "StartUpConsole", "StartUpConsole\StartUpConsole.csproj", "{172B22E6-BBD1-4E34-BB4E-D1717306F7ED}"
EndProject
Project("{FAE04EC0-301F-11D3-BF4B-00C04F79EFBC}") = "StartUpWpf", "StartUpWpf\StartUpWpf.csproj", "{D355B93D-B970-4AB1-9978-2B7E7E8AD2FC}"
EndProject
Global
	GlobalSection(SolutionConfigurationPlatforms) = preSolution
		Debug|Any CPU = Debug|Any CPU
		Release|Any CPU = Release|Any CPU
	EndGlobalSection
	GlobalSection(ProjectConfigurationPlatforms) = postSolution
		{172B22E6-BBD1-4E34-BB4E-D1717306F7ED}.Debug|Any CPU.ActiveCfg = Debug|Any CPU
		{172B22E6-BBD1-4E34-BB4E-D1717306F7ED}.Debug|Any CPU.Build.0 = Debug|Any CPU
		{172B22E6-BBD1-4E34-BB4E-D1717306F7ED}.Release|Any CPU.ActiveCfg = Release|Any CPU
		{172B22E6-BBD1-4E34-BB4E-D1717306F7ED}.Release|Any CPU.Build.0 = Release|Any CPU
		{D355B93D-B970-4AB1-9978-2B7E7E8AD2FC}.Debug|Any CPU.ActiveCfg = Debug|Any CPU
		{D355B93D-B970-4AB1-9978-2B7E7E8AD2FC}.Debug|Any CPU.Build.0 = Debug|Any CPU
		{D355B93D-B970-4AB1-9978-2B7E7E8AD2FC}.Release|Any CPU.ActiveCfg = Release|Any CPU
		{D355B93D-B970-4AB1-9978-2B7E7E8AD2FC}.Release|Any CPU.Build.0 = Release|Any CPU
	EndGlobalSection
	GlobalSection(SolutionProperties) = preSolution
		HideSolutionNode = FALSE
	EndGlobalSection
	GlobalSection(ExtensibilityGlobals) = postSolution
		SolutionGuid = {53E4BBDF-746A-45CD-B797-B7E309A61024}
	EndGlobalSection
EndGlobal
