
Microsoft Visual Studio Solution File, Format Version 12.00
# Visual Studio Version 17
VisualStudioVersion = 17.4.33213.308
MinimumVisualStudioVersion = 10.0.40219.1
Project("{FAE04EC0-301F-11D3-BF4B-00C04F79EFBC}") = "CodeStyleSample", "CodeStyleSample\CodeStyleSample.csproj", "{0C7A9CF6-4440-4C87-828E-44E2EF1BFA76}"
EndProject
Global
	GlobalSection(SolutionConfigurationPlatforms) = preSolution
		Debug|Any CPU = Debug|Any CPU
		Release|Any CPU = Release|Any CPU
	EndGlobalSection
	GlobalSection(ProjectConfigurationPlatforms) = postSolution
		{0C7A9CF6-4440-4C87-828E-44E2EF1BFA76}.Debug|Any CPU.ActiveCfg = Debug|Any CPU
		{0C7A9CF6-4440-4C87-828E-44E2EF1BFA76}.Debug|Any CPU.Build.0 = Debug|Any CPU
		{0C7A9CF6-4440-4C87-828E-44E2EF1BFA76}.Release|Any CPU.ActiveCfg = Release|Any CPU
		{0C7A9CF6-4440-4C87-828E-44E2EF1BFA76}.Release|Any CPU.Build.0 = Release|Any CPU
	EndGlobalSection
	GlobalSection(SolutionProperties) = preSolution
		HideSolutionNode = FALSE
	EndGlobalSection
	GlobalSection(ExtensibilityGlobals) = postSolution
		SolutionGuid = {6C67797A-798A-460B-9ED2-E584146F1C36}
	EndGlobalSection
EndGlobal
