
Microsoft Visual Studio Solution File, Format Version 12.00
# Visual Studio Version 17
VisualStudioVersion = 17.4.33213.308
MinimumVisualStudioVersion = 10.0.40219.1
Project("{FAE04EC0-301F-11D3-BF4B-00C04F79EFBC}") = "BreakPointSample", "BreakPointSample\BreakPointSample.csproj", "{0054FFFC-4642-4FF1-BEB9-FC7AC074386D}"
EndProject
Global
	GlobalSection(SolutionConfigurationPlatforms) = preSolution
		Debug|Any CPU = Debug|Any CPU
		Release|Any CPU = Release|Any CPU
	EndGlobalSection
	GlobalSection(ProjectConfigurationPlatforms) = postSolution
		{0054FFFC-4642-4FF1-BEB9-FC7AC074386D}.Debug|Any CPU.ActiveCfg = Debug|Any CPU
		{0054FFFC-4642-4FF1-BEB9-FC7AC074386D}.Debug|Any CPU.Build.0 = Debug|Any CPU
		{0054FFFC-4642-4FF1-BEB9-FC7AC074386D}.Release|Any CPU.ActiveCfg = Release|Any CPU
		{0054FFFC-4642-4FF1-BEB9-FC7AC074386D}.Release|Any CPU.Build.0 = Release|Any CPU
	EndGlobalSection
	GlobalSection(SolutionProperties) = preSolution
		HideSolutionNode = FALSE
	EndGlobalSection
	GlobalSection(ExtensibilityGlobals) = postSolution
		SolutionGuid = {5D5B616A-89BC-4E43-9A18-1D06590217E9}
	EndGlobalSection
EndGlobal
