
Microsoft Visual Studio Solution File, Format Version 12.00
# Visual Studio Version 17
VisualStudioVersion = 17.4.33213.308
MinimumVisualStudioVersion = 10.0.40219.1
Project("{FAE04EC0-301F-11D3-BF4B-00C04F79EFBC}") = "SampleWpf", "SampleWpf\SampleWpf.csproj", "{9DEA9B10-144B-43CC-B371-1FB0CF498EBF}"
EndProject
Global
	GlobalSection(SolutionConfigurationPlatforms) = preSolution
		Debug|Any CPU = Debug|Any CPU
		Release|Any CPU = Release|Any CPU
	EndGlobalSection
	GlobalSection(ProjectConfigurationPlatforms) = postSolution
		{9DEA9B10-144B-43CC-B371-1FB0CF498EBF}.Debug|Any CPU.ActiveCfg = Debug|Any CPU
		{9DEA9B10-144B-43CC-B371-1FB0CF498EBF}.Debug|Any CPU.Build.0 = Debug|Any CPU
		{9DEA9B10-144B-43CC-B371-1FB0CF498EBF}.Release|Any CPU.ActiveCfg = Release|Any CPU
		{9DEA9B10-144B-43CC-B371-1FB0CF498EBF}.Release|Any CPU.Build.0 = Release|Any CPU
	EndGlobalSection
	GlobalSection(SolutionProperties) = preSolution
		HideSolutionNode = FALSE
	EndGlobalSection
	GlobalSection(ExtensibilityGlobals) = postSolution
		SolutionGuid = {52DA5AB1-07E1-42ED-A92D-5C2D80998F2A}
	EndGlobalSection
EndGlobal
