
Microsoft Visual Studio Solution File, Format Version 12.00
# Visual Studio Version 17
VisualStudioVersion = 17.4.33213.308
MinimumVisualStudioVersion = 10.0.40219.1
Project("{FAE04EC0-301F-11D3-BF4B-00C04F79EFBC}") = "SampleConsole", "SampleConsole\SampleConsole.csproj", "{3929A810-C3D7-4951-86E8-858D54B4324D}"
EndProject
Global
	GlobalSection(SolutionConfigurationPlatforms) = preSolution
		Debug|Any CPU = Debug|Any CPU
		Release|Any CPU = Release|Any CPU
	EndGlobalSection
	GlobalSection(ProjectConfigurationPlatforms) = postSolution
		{3929A810-C3D7-4951-86E8-858D54B4324D}.Debug|Any CPU.ActiveCfg = Debug|Any CPU
		{3929A810-C3D7-4951-86E8-858D54B4324D}.Debug|Any CPU.Build.0 = Debug|Any CPU
		{3929A810-C3D7-4951-86E8-858D54B4324D}.Release|Any CPU.ActiveCfg = Release|Any CPU
		{3929A810-C3D7-4951-86E8-858D54B4324D}.Release|Any CPU.Build.0 = Release|Any CPU
	EndGlobalSection
	GlobalSection(SolutionProperties) = preSolution
		HideSolutionNode = FALSE
	EndGlobalSection
	GlobalSection(ExtensibilityGlobals) = postSolution
		SolutionGuid = {C26DC6FE-565F-435C-AA63-219A0A4CABCB}
	EndGlobalSection
EndGlobal
