
Microsoft Visual Studio Solution File, Format Version 12.00
# Visual Studio Version 17
VisualStudioVersion = 17.4.33213.308
MinimumVisualStudioVersion = 10.0.40219.1
Project("{FAE04EC0-301F-11D3-BF4B-00C04F79EFBC}") = "GitSample", "GitSample\GitSample.csproj", "{30D7E12D-6ACF-4570-8D2C-F87AF1A5DBC7}"
EndProject
Global
	GlobalSection(SolutionConfigurationPlatforms) = preSolution
		Debug|Any CPU = Debug|Any CPU
		Release|Any CPU = Release|Any CPU
	EndGlobalSection
	GlobalSection(ProjectConfigurationPlatforms) = postSolution
		{30D7E12D-6ACF-4570-8D2C-F87AF1A5DBC7}.Debug|Any CPU.ActiveCfg = Debug|Any CPU
		{30D7E12D-6ACF-4570-8D2C-F87AF1A5DBC7}.Debug|Any CPU.Build.0 = Debug|Any CPU
		{30D7E12D-6ACF-4570-8D2C-F87AF1A5DBC7}.Release|Any CPU.ActiveCfg = Release|Any CPU
		{30D7E12D-6ACF-4570-8D2C-F87AF1A5DBC7}.Release|Any CPU.Build.0 = Release|Any CPU
	EndGlobalSection
	GlobalSection(SolutionProperties) = preSolution
		HideSolutionNode = FALSE
	EndGlobalSection
	GlobalSection(ExtensibilityGlobals) = postSolution
		SolutionGuid = {9616FE56-53A9-4CC1-B612-8762D985E84A}
	EndGlobalSection
EndGlobal
